
Microsoft Visual Studio Solution File, Format Version 12.00
# Visual Studio Version 17
VisualStudioVersion = 17.0.31903.59
MinimumVisualStudioVersion = 10.0.40219.1
Project("{8BC9CEB8-8B4A-11D0-8D11-00A0C91BC942}") = "HW 14 april", "HW 14 april\HW 14 april.vcxproj", "{A7558C13-A113-4B31-B00B-77DAFF18254A}"
EndProject
Global
	GlobalSection(SolutionConfigurationPlatforms) = preSolution
		Debug|x64 = Debug|x64
		Debug|x86 = Debug|x86
		Release|x64 = Release|x64
		Release|x86 = Release|x86
	EndGlobalSection
	GlobalSection(ProjectConfigurationPlatforms) = postSolution
		{A7558C13-A113-4B31-B00B-77DAFF18254A}.Debug|x64.ActiveCfg = Debug|x64
		{A7558C13-A113-4B31-B00B-77DAFF18254A}.Debug|x64.Build.0 = Debug|x64
		{A7558C13-A113-4B31-B00B-77DAFF18254A}.Debug|x86.ActiveCfg = Debug|Win32
		{A7558C13-A113-4B31-B00B-77DAFF18254A}.Debug|x86.Build.0 = Debug|Win32
		{A7558C13-A113-4B31-B00B-77DAFF18254A}.Release|x64.ActiveCfg = Release|x64
		{A7558C13-A113-4B31-B00B-77DAFF18254A}.Release|x64.Build.0 = Release|x64
		{A7558C13-A113-4B31-B00B-77DAFF18254A}.Release|x86.ActiveCfg = Release|Win32
		{A7558C13-A113-4B31-B00B-77DAFF18254A}.Release|x86.Build.0 = Release|Win32
	EndGlobalSection
	GlobalSection(SolutionProperties) = preSolution
		HideSolutionNode = FALSE
	EndGlobalSection
	GlobalSection(ExtensibilityGlobals) = postSolution
		SolutionGuid = {07B02C82-6DB7-410E-8CCB-92FED525D4F8}
	EndGlobalSection
EndGlobal
